
Microsoft Visual Studio Solution File, Format Version 12.00
# Visual Studio Version 16
VisualStudioVersion = 16.0.30907.101
MinimumVisualStudioVersion = 10.0.40219.1
Project("{FAE04EC0-301F-11D3-BF4B-00C04F79EFBC}") = "builtinboston-scraper", "builtinboston-scraper.csproj", "{BC568E81-8FAA-4E98-8F85-9B88C6C945EA}"
EndProject
Global
	GlobalSection(SolutionConfigurationPlatforms) = preSolution
		Debug|Any CPU = Debug|Any CPU
		Release|Any CPU = Release|Any CPU
	EndGlobalSection
	GlobalSection(ProjectConfigurationPlatforms) = postSolution
		{BC568E81-8FAA-4E98-8F85-9B88C6C945EA}.Debug|Any CPU.ActiveCfg = Debug|Any CPU
		{BC568E81-8FAA-4E98-8F85-9B88C6C945EA}.Debug|Any CPU.Build.0 = Debug|Any CPU
		{BC568E81-8FAA-4E98-8F85-9B88C6C945EA}.Release|Any CPU.ActiveCfg = Release|Any CPU
		{BC568E81-8FAA-4E98-8F85-9B88C6C945EA}.Release|Any CPU.Build.0 = Release|Any CPU
	EndGlobalSection
	GlobalSection(SolutionProperties) = preSolution
		HideSolutionNode = FALSE
	EndGlobalSection
	GlobalSection(ExtensibilityGlobals) = postSolution
		SolutionGuid = {ADB50BD6-D0E1-4E4E-AE2A-1DBD6B2BB09A}
	EndGlobalSection
EndGlobal
